
Microsoft Visual Studio Solution File, Format Version 12.00
# Visual Studio Version 16
VisualStudioVersion = 16.0.32929.386
MinimumVisualStudioVersion = 10.0.40219.1
Project("{FAE04EC0-301F-11D3-BF4B-00C04F79EFBC}") = "CrearMetodoYLeerFichero1", "CrearMetodoYLeerFichero1\CrearMetodoYLeerFichero1.csproj", "{96D17CF9-3301-4B36-BF3D-87C27F0705CC}"
EndProject
Global
	GlobalSection(SolutionConfigurationPlatforms) = preSolution
		Debug|Any CPU = Debug|Any CPU
		Release|Any CPU = Release|Any CPU
	EndGlobalSection
	GlobalSection(ProjectConfigurationPlatforms) = postSolution
		{96D17CF9-3301-4B36-BF3D-87C27F0705CC}.Debug|Any CPU.ActiveCfg = Debug|Any CPU
		{96D17CF9-3301-4B36-BF3D-87C27F0705CC}.Debug|Any CPU.Build.0 = Debug|Any CPU
		{96D17CF9-3301-4B36-BF3D-87C27F0705CC}.Release|Any CPU.ActiveCfg = Release|Any CPU
		{96D17CF9-3301-4B36-BF3D-87C27F0705CC}.Release|Any CPU.Build.0 = Release|Any CPU
	EndGlobalSection
	GlobalSection(SolutionProperties) = preSolution
		HideSolutionNode = FALSE
	EndGlobalSection
	GlobalSection(ExtensibilityGlobals) = postSolution
		SolutionGuid = {BA536714-26D4-43D2-A191-722A4C5FC58F}
	EndGlobalSection
EndGlobal
